
Microsoft Visual Studio Solution File, Format Version 12.00
# Visual Studio Version 17
VisualStudioVersion = 17.0.31903.59
MinimumVisualStudioVersion = 10.0.40219.1
Project("{2150E333-8FDC-42A3-9474-1A3956D46DE8}") = "Gateway", "Gateway", "{276C4314-9980-423E-97FA-E1AE5C72FE37}"
EndProject
Project("{2150E333-8FDC-42A3-9474-1A3956D46DE8}") = "Services", "Services", "{048F654E-5AA0-49BD-B934-121F5642858A}"
EndProject
Project("{2150E333-8FDC-42A3-9474-1A3956D46DE8}") = "CategoryServices", "CategoryServices", "{9CE274A7-AA85-4E5D-9A52-96EA7F14BF94}"
EndProject
Project("{9A19103F-16F7-4668-BE54-9A1E7A4F7556}") = "DrivingSchoolApp.Services.CategoryServices.ACategoryAPI", "Services\CategoryServices\DrivingSchoolApp.Services.CategoryServices.ACategoryAPI\DrivingSchoolApp.Services.CategoryServices.ACategoryAPI.csproj", "{C337F6B7-24C2-4DDE-81AB-FD3CAF997CBD}"
EndProject
Project("{9A19103F-16F7-4668-BE54-9A1E7A4F7556}") = "DrivingSchoolApp.Services.CategoryServices.BCategoryAPI", "Services\CategoryServices\DrivingSchoolApp.Services.CategoryServices.BCategoryAPI\DrivingSchoolApp.Services.CategoryServices.BCategoryAPI.csproj", "{2D4B59E4-3C63-442C-A69C-88CE81E1BFE7}"
EndProject
Project("{9A19103F-16F7-4668-BE54-9A1E7A4F7556}") = "DrivingSchoolApp.Services.CategoryServices.CCategoryAPI", "Services\CategoryServices\DrivingSchoolApp.Services.CategoryServices.CCategoryAPI\DrivingSchoolApp.Services.CategoryServices.CCategoryAPI.csproj", "{744EC375-BAB3-443F-ABC0-457C6DD7122F}"
EndProject
Project("{9A19103F-16F7-4668-BE54-9A1E7A4F7556}") = "DrivingSchoolApp.Services.CategoryServices.DCategoryAPI", "Services\CategoryServices\DrivingSchoolApp.Services.CategoryServices.DCategoryAPI\DrivingSchoolApp.Services.CategoryServices.DCategoryAPI.csproj", "{F2806DF8-770B-4C4E-A1E7-5153BEFF2C58}"
EndProject
Project("{9A19103F-16F7-4668-BE54-9A1E7A4F7556}") = "DrivingSchool.FileServiceAPI", "Services\DrivingSchool.FileServiceAPI\DrivingSchool.FileServiceAPI.csproj", "{C70558AD-CFCA-4FCC-8E65-7DCF60434D34}"
EndProject
Project("{FAE04EC0-301F-11D3-BF4B-00C04F79EFBC}") = "DriverSchool.Gateway", "Gateway\DriverSchool.Gateway\DriverSchool.Gateway.csproj", "{A6827124-B851-4D57-8DEC-F383C3AF2600}"
EndProject
Global
	GlobalSection(SolutionConfigurationPlatforms) = preSolution
		Debug|Any CPU = Debug|Any CPU
		Release|Any CPU = Release|Any CPU
	EndGlobalSection
	GlobalSection(ProjectConfigurationPlatforms) = postSolution
		{C337F6B7-24C2-4DDE-81AB-FD3CAF997CBD}.Debug|Any CPU.ActiveCfg = Debug|Any CPU
		{C337F6B7-24C2-4DDE-81AB-FD3CAF997CBD}.Debug|Any CPU.Build.0 = Debug|Any CPU
		{C337F6B7-24C2-4DDE-81AB-FD3CAF997CBD}.Release|Any CPU.ActiveCfg = Release|Any CPU
		{C337F6B7-24C2-4DDE-81AB-FD3CAF997CBD}.Release|Any CPU.Build.0 = Release|Any CPU
		{2D4B59E4-3C63-442C-A69C-88CE81E1BFE7}.Debug|Any CPU.ActiveCfg = Debug|Any CPU
		{2D4B59E4-3C63-442C-A69C-88CE81E1BFE7}.Debug|Any CPU.Build.0 = Debug|Any CPU
		{2D4B59E4-3C63-442C-A69C-88CE81E1BFE7}.Release|Any CPU.ActiveCfg = Release|Any CPU
		{2D4B59E4-3C63-442C-A69C-88CE81E1BFE7}.Release|Any CPU.Build.0 = Release|Any CPU
		{744EC375-BAB3-443F-ABC0-457C6DD7122F}.Debug|Any CPU.ActiveCfg = Debug|Any CPU
		{744EC375-BAB3-443F-ABC0-457C6DD7122F}.Debug|Any CPU.Build.0 = Debug|Any CPU
		{744EC375-BAB3-443F-ABC0-457C6DD7122F}.Release|Any CPU.ActiveCfg = Release|Any CPU
		{744EC375-BAB3-443F-ABC0-457C6DD7122F}.Release|Any CPU.Build.0 = Release|Any CPU
		{F2806DF8-770B-4C4E-A1E7-5153BEFF2C58}.Debug|Any CPU.ActiveCfg = Debug|Any CPU
		{F2806DF8-770B-4C4E-A1E7-5153BEFF2C58}.Debug|Any CPU.Build.0 = Debug|Any CPU
		{F2806DF8-770B-4C4E-A1E7-5153BEFF2C58}.Release|Any CPU.ActiveCfg = Release|Any CPU
		{F2806DF8-770B-4C4E-A1E7-5153BEFF2C58}.Release|Any CPU.Build.0 = Release|Any CPU
		{C70558AD-CFCA-4FCC-8E65-7DCF60434D34}.Debug|Any CPU.ActiveCfg = Debug|Any CPU
		{C70558AD-CFCA-4FCC-8E65-7DCF60434D34}.Debug|Any CPU.Build.0 = Debug|Any CPU
		{C70558AD-CFCA-4FCC-8E65-7DCF60434D34}.Release|Any CPU.ActiveCfg = Release|Any CPU
		{C70558AD-CFCA-4FCC-8E65-7DCF60434D34}.Release|Any CPU.Build.0 = Release|Any CPU
		{A6827124-B851-4D57-8DEC-F383C3AF2600}.Debug|Any CPU.ActiveCfg = Debug|Any CPU
		{A6827124-B851-4D57-8DEC-F383C3AF2600}.Debug|Any CPU.Build.0 = Debug|Any CPU
		{A6827124-B851-4D57-8DEC-F383C3AF2600}.Release|Any CPU.ActiveCfg = Release|Any CPU
		{A6827124-B851-4D57-8DEC-F383C3AF2600}.Release|Any CPU.Build.0 = Release|Any CPU
	EndGlobalSection
	GlobalSection(SolutionProperties) = preSolution
		HideSolutionNode = FALSE
	EndGlobalSection
	GlobalSection(NestedProjects) = preSolution
		{9CE274A7-AA85-4E5D-9A52-96EA7F14BF94} = {048F654E-5AA0-49BD-B934-121F5642858A}
		{C337F6B7-24C2-4DDE-81AB-FD3CAF997CBD} = {9CE274A7-AA85-4E5D-9A52-96EA7F14BF94}
		{2D4B59E4-3C63-442C-A69C-88CE81E1BFE7} = {9CE274A7-AA85-4E5D-9A52-96EA7F14BF94}
		{744EC375-BAB3-443F-ABC0-457C6DD7122F} = {9CE274A7-AA85-4E5D-9A52-96EA7F14BF94}
		{F2806DF8-770B-4C4E-A1E7-5153BEFF2C58} = {9CE274A7-AA85-4E5D-9A52-96EA7F14BF94}
		{C70558AD-CFCA-4FCC-8E65-7DCF60434D34} = {048F654E-5AA0-49BD-B934-121F5642858A}
		{A6827124-B851-4D57-8DEC-F383C3AF2600} = {276C4314-9980-423E-97FA-E1AE5C72FE37}
	EndGlobalSection
	GlobalSection(ExtensibilityGlobals) = postSolution
		SolutionGuid = {9000563B-2587-451B-B224-E82413E9AEF0}
	EndGlobalSection
EndGlobal
